
Microsoft Visual Studio Solution File, Format Version 12.00
# Visual Studio Version 17
VisualStudioVersion = 17.7.34024.191
MinimumVisualStudioVersion = 10.0.40219.1
Project("{8BC9CEB8-8B4A-11D0-8D11-00A0C91BC942}") = "tf2-internal", "tf2-internal\tf2-internal.vcxproj", "{58165B40-8C3B-4E87-A46A-F9705BB8D4EE}"
EndProject
Global
	GlobalSection(SolutionConfigurationPlatforms) = preSolution
		Debug|x64 = Debug|x64
		Debug|x86 = Debug|x86
		Release|x64 = Release|x64
		Release|x86 = Release|x86
	EndGlobalSection
	GlobalSection(ProjectConfigurationPlatforms) = postSolution
		{58165B40-8C3B-4E87-A46A-F9705BB8D4EE}.Debug|x64.ActiveCfg = Debug|x64
		{58165B40-8C3B-4E87-A46A-F9705BB8D4EE}.Debug|x64.Build.0 = Debug|x64
		{58165B40-8C3B-4E87-A46A-F9705BB8D4EE}.Debug|x86.ActiveCfg = Debug|Win32
		{58165B40-8C3B-4E87-A46A-F9705BB8D4EE}.Debug|x86.Build.0 = Debug|Win32
		{58165B40-8C3B-4E87-A46A-F9705BB8D4EE}.Release|x64.ActiveCfg = Release|x64
		{58165B40-8C3B-4E87-A46A-F9705BB8D4EE}.Release|x64.Build.0 = Release|x64
		{58165B40-8C3B-4E87-A46A-F9705BB8D4EE}.Release|x86.ActiveCfg = Release|Win32
		{58165B40-8C3B-4E87-A46A-F9705BB8D4EE}.Release|x86.Build.0 = Release|Win32
	EndGlobalSection
	GlobalSection(SolutionProperties) = preSolution
		HideSolutionNode = FALSE
	EndGlobalSection
	GlobalSection(ExtensibilityGlobals) = postSolution
		SolutionGuid = {D1A78A16-A38F-4C2C-A0BA-A3FDAA67EB46}
	EndGlobalSection
EndGlobal
